// !$*UTF8*$!
{
	archiveVersion = 1;
	classes = {
	};
	objectVersion = 50;
	objects = {

/* Begin PBXBuildFile section */
		93BD63F1AF2F28BF33767326 /* libPods-DubaiPalace.a in Frameworks */ = {isa = PBXBuildFile; fileRef = 476549534E7951DE91B8A617 /* libPods-DubaiPalace.a */; };
		CE76167A287E691400B3CCDE /* LoginRepository.swift in Sources */ = {isa = PBXBuildFile; fileRef = CE761679287E691400B3CCDE /* LoginRepository.swift */; };
		CE76167E287E6CE200B3CCDE /* LoginVM.swift in Sources */ = {isa = PBXBuildFile; fileRef = CE76167D287E6CE200B3CCDE /* LoginVM.swift */; };
		CE761680287E790C00B3CCDE /* APIInfo.swift in Sources */ = {isa = PBXBuildFile; fileRef = CE76167F287E790C00B3CCDE /* APIInfo.swift */; };
		CE761684287EAB8B00B3CCDE /* ContentData.swift in Sources */ = {isa = PBXBuildFile; fileRef = CE761683287EAB8B00B3CCDE /* ContentData.swift */; };
		CE761686287EB2C200B3CCDE /* LogDetail.swift in Sources */ = {isa = PBXBuildFile; fileRef = CE761685287EB2C200B3CCDE /* LogDetail.swift */; };
		CE76168A287FFD0300B3CCDE /* ModelSingleton.swift in Sources */ = {isa = PBXBuildFile; fileRef = CE761689287FFD0300B3CCDE /* ModelSingleton.swift */; };
		CE7616912880261D00B3CCDE /* Result.swift in Sources */ = {isa = PBXBuildFile; fileRef = CE7616902880261D00B3CCDE /* Result.swift */; };
		CE7618872881604300B3CCDE /* GameList.swift in Sources */ = {isa = PBXBuildFile; fileRef = CE7618862881604300B3CCDE /* GameList.swift */; };
		CE7619862885686900B3CCDE /* LaunchVC.swift in Sources */ = {isa = PBXBuildFile; fileRef = CE7619842885686900B3CCDE /* LaunchVC.swift */; };
		CE76198A288649C100B3CCDE /* LaunchVM.swift in Sources */ = {isa = PBXBuildFile; fileRef = CE761989288649C100B3CCDE /* LaunchVM.swift */; };
		CE76198F288651FB00B3CCDE /* Launch.storyboard in Resources */ = {isa = PBXBuildFile; fileRef = CE761991288651FB00B3CCDE /* Launch.storyboard */; };
		CE7619942886544300B3CCDE /* LoginVC.swift in Sources */ = {isa = PBXBuildFile; fileRef = CE7619922886544300B3CCDE /* LoginVC.swift */; };
		CE7619952886544300B3CCDE /* LoginVC.xib in Resources */ = {isa = PBXBuildFile; fileRef = CE7619932886544300B3CCDE /* LoginVC.xib */; };
		CE7619992886793400B3CCDE /* LaunchScreen.storyboard in Resources */ = {isa = PBXBuildFile; fileRef = CE7619982886793400B3CCDE /* LaunchScreen.storyboard */; };
		CE761B912886A86900B3CCDE /* Extension_Localization.swift in Sources */ = {isa = PBXBuildFile; fileRef = CE761B902886A86900B3CCDE /* Extension_Localization.swift */; };
		CE761F812887A45100B3CCDE /* login.mp4 in Resources */ = {isa = PBXBuildFile; fileRef = CE761F802887A45100B3CCDE /* login.mp4 */; };
		CE76207D2887CE7700B3CCDE /* AppConfig.swift in Sources */ = {isa = PBXBuildFile; fileRef = CE76207C2887CE7700B3CCDE /* AppConfig.swift */; };
		CE76207F2887D0F100B3CCDE /* AppKey.swift in Sources */ = {isa = PBXBuildFile; fileRef = CE76207E2887D0F100B3CCDE /* AppKey.swift */; };
		CE7620812887DD4400B3CCDE /* MemberInfo.swift in Sources */ = {isa = PBXBuildFile; fileRef = CE7620802887DD4400B3CCDE /* MemberInfo.swift */; };
		CE7BD74B288A519F00CE450A /* LobbyVC.swift in Sources */ = {isa = PBXBuildFile; fileRef = CE7BD74A288A519F00CE450A /* LobbyVC.swift */; };
		CE7BD74F288A7B0E00CE450A /* ProfileVC.swift in Sources */ = {isa = PBXBuildFile; fileRef = CE7BD74D288A7B0E00CE450A /* ProfileVC.swift */; };
		CE7BD750288A7B0E00CE450A /* ProfileVC.xib in Resources */ = {isa = PBXBuildFile; fileRef = CE7BD74E288A7B0E00CE450A /* ProfileVC.xib */; };
		CE7BD84D288AA26A00CE450A /* GameTypeCell.swift in Sources */ = {isa = PBXBuildFile; fileRef = CE7BD84B288AA26A00CE450A /* GameTypeCell.swift */; };
		CE7BD84E288AA26A00CE450A /* GameTypeCell.xib in Resources */ = {isa = PBXBuildFile; fileRef = CE7BD84C288AA26A00CE450A /* GameTypeCell.xib */; };
		CE9BC23928895FDB00F754B0 /* LobbyVC.xib in Resources */ = {isa = PBXBuildFile; fileRef = CE9BC23728895FDB00F754B0 /* LobbyVC.xib */; };
		CE9BC23A28895FDB00F754B0 /* BaseTBC.swift in Sources */ = {isa = PBXBuildFile; fileRef = CE9BC23828895FDB00F754B0 /* BaseTBC.swift */; };
		CE9BC23C288A3E6D00F754B0 /* Base.storyboard in Resources */ = {isa = PBXBuildFile; fileRef = CE9BC23B288A3E6D00F754B0 /* Base.storyboard */; };
		CEE7D728287D38D900E8D625 /* AppDelegate.swift in Sources */ = {isa = PBXBuildFile; fileRef = CEE7D727287D38D900E8D625 /* AppDelegate.swift */; };
		CEE7D72A287D38D900E8D625 /* SceneDelegate.swift in Sources */ = {isa = PBXBuildFile; fileRef = CEE7D729287D38D900E8D625 /* SceneDelegate.swift */; };
		CEE7D731287D38DE00E8D625 /* Assets.xcassets in Resources */ = {isa = PBXBuildFile; fileRef = CEE7D730287D38DE00E8D625 /* Assets.xcassets */; };
		CEE7D899287D442200E8D625 /* APIManager.swift in Sources */ = {isa = PBXBuildFile; fileRef = CEE7D898287D442200E8D625 /* APIManager.swift */; };
/* End PBXBuildFile section */

/* Begin PBXFileReference section */
		476549534E7951DE91B8A617 /* libPods-DubaiPalace.a */ = {isa = PBXFileReference; explicitFileType = archive.ar; includeInIndex = 0; path = "libPods-DubaiPalace.a"; sourceTree = BUILT_PRODUCTS_DIR; };
		5CDD62F5B8114906891CB1AC /* Pods-DubaiPalace.debug.xcconfig */ = {isa = PBXFileReference; includeInIndex = 1; lastKnownFileType = text.xcconfig; name = "Pods-DubaiPalace.debug.xcconfig"; path = "Target Support Files/Pods-DubaiPalace/Pods-DubaiPalace.debug.xcconfig"; sourceTree = "<group>"; };
		60D1B2B29DCD232A8228B9B6 /* Pods-DubaiPalace.release.xcconfig */ = {isa = PBXFileReference; includeInIndex = 1; lastKnownFileType = text.xcconfig; name = "Pods-DubaiPalace.release.xcconfig"; path = "Target Support Files/Pods-DubaiPalace/Pods-DubaiPalace.release.xcconfig"; sourceTree = "<group>"; };
		CE761679287E691400B3CCDE /* LoginRepository.swift */ = {isa = PBXFileReference; lastKnownFileType = sourcecode.swift; path = LoginRepository.swift; sourceTree = "<group>"; };
		CE76167D287E6CE200B3CCDE /* LoginVM.swift */ = {isa = PBXFileReference; lastKnownFileType = sourcecode.swift; path = LoginVM.swift; sourceTree = "<group>"; };
		CE76167F287E790C00B3CCDE /* APIInfo.swift */ = {isa = PBXFileReference; lastKnownFileType = sourcecode.swift; path = APIInfo.swift; sourceTree = "<group>"; };
		CE761683287EAB8B00B3CCDE /* ContentData.swift */ = {isa = PBXFileReference; lastKnownFileType = sourcecode.swift; path = ContentData.swift; sourceTree = "<group>"; };
		CE761685287EB2C200B3CCDE /* LogDetail.swift */ = {isa = PBXFileReference; lastKnownFileType = sourcecode.swift; path = LogDetail.swift; sourceTree = "<group>"; };
		CE761689287FFD0300B3CCDE /* ModelSingleton.swift */ = {isa = PBXFileReference; lastKnownFileType = sourcecode.swift; path = ModelSingleton.swift; sourceTree = "<group>"; };
		CE7616902880261D00B3CCDE /* Result.swift */ = {isa = PBXFileReference; lastKnownFileType = sourcecode.swift; path = Result.swift; sourceTree = "<group>"; };
		CE7618862881604300B3CCDE /* GameList.swift */ = {isa = PBXFileReference; lastKnownFileType = sourcecode.swift; path = GameList.swift; sourceTree = "<group>"; };
		CE7619842885686900B3CCDE /* LaunchVC.swift */ = {isa = PBXFileReference; lastKnownFileType = sourcecode.swift; path = LaunchVC.swift; sourceTree = "<group>"; };
		CE761989288649C100B3CCDE /* LaunchVM.swift */ = {isa = PBXFileReference; lastKnownFileType = sourcecode.swift; path = LaunchVM.swift; sourceTree = "<group>"; };
		CE761990288651FB00B3CCDE /* Base */ = {isa = PBXFileReference; lastKnownFileType = file.storyboard; name = Base; path = Base.lproj/Launch.storyboard; sourceTree = "<group>"; };
		CE7619922886544300B3CCDE /* LoginVC.swift */ = {isa = PBXFileReference; lastKnownFileType = sourcecode.swift; path = LoginVC.swift; sourceTree = "<group>"; };
		CE7619932886544300B3CCDE /* LoginVC.xib */ = {isa = PBXFileReference; lastKnownFileType = file.xib; path = LoginVC.xib; sourceTree = "<group>"; };
		CE7619982886793400B3CCDE /* LaunchScreen.storyboard */ = {isa = PBXFileReference; lastKnownFileType = file.storyboard; path = LaunchScreen.storyboard; sourceTree = "<group>"; };
		CE76199A288690F200B3CCDE /* Swift-Bridge-Objective-C.h */ = {isa = PBXFileReference; lastKnownFileType = sourcecode.c.h; path = "Swift-Bridge-Objective-C.h"; sourceTree = "<group>"; };
		CE761B902886A86900B3CCDE /* Extension_Localization.swift */ = {isa = PBXFileReference; lastKnownFileType = sourcecode.swift; path = Extension_Localization.swift; sourceTree = "<group>"; };
		CE761F802887A45100B3CCDE /* login.mp4 */ = {isa = PBXFileReference; lastKnownFileType = file; path = login.mp4; sourceTree = "<group>"; };
		CE76207C2887CE7700B3CCDE /* AppConfig.swift */ = {isa = PBXFileReference; fileEncoding = 4; lastKnownFileType = sourcecode.swift; path = AppConfig.swift; sourceTree = "<group>"; };
		CE76207E2887D0F100B3CCDE /* AppKey.swift */ = {isa = PBXFileReference; lastKnownFileType = sourcecode.swift; path = AppKey.swift; sourceTree = "<group>"; };
		CE7620802887DD4400B3CCDE /* MemberInfo.swift */ = {isa = PBXFileReference; lastKnownFileType = sourcecode.swift; path = MemberInfo.swift; sourceTree = "<group>"; };
		CE7BD74A288A519F00CE450A /* LobbyVC.swift */ = {isa = PBXFileReference; lastKnownFileType = sourcecode.swift; path = LobbyVC.swift; sourceTree = "<group>"; };
		CE7BD74D288A7B0E00CE450A /* ProfileVC.swift */ = {isa = PBXFileReference; lastKnownFileType = sourcecode.swift; path = ProfileVC.swift; sourceTree = "<group>"; };
		CE7BD74E288A7B0E00CE450A /* ProfileVC.xib */ = {isa = PBXFileReference; lastKnownFileType = file.xib; path = ProfileVC.xib; sourceTree = "<group>"; };
		CE7BD84B288AA26A00CE450A /* GameTypeCell.swift */ = {isa = PBXFileReference; lastKnownFileType = sourcecode.swift; path = GameTypeCell.swift; sourceTree = "<group>"; };
		CE7BD84C288AA26A00CE450A /* GameTypeCell.xib */ = {isa = PBXFileReference; lastKnownFileType = file.xib; path = GameTypeCell.xib; sourceTree = "<group>"; };
		CE9BC23728895FDB00F754B0 /* LobbyVC.xib */ = {isa = PBXFileReference; fileEncoding = 4; lastKnownFileType = file.xib; path = LobbyVC.xib; sourceTree = "<group>"; };
		CE9BC23828895FDB00F754B0 /* BaseTBC.swift */ = {isa = PBXFileReference; fileEncoding = 4; lastKnownFileType = sourcecode.swift; path = BaseTBC.swift; sourceTree = "<group>"; };
		CE9BC23B288A3E6D00F754B0 /* Base.storyboard */ = {isa = PBXFileReference; lastKnownFileType = file.storyboard; path = Base.storyboard; sourceTree = "<group>"; };
		CEE7D724287D38D900E8D625 /* DubaiPalace.app */ = {isa = PBXFileReference; explicitFileType = wrapper.application; includeInIndex = 0; path = DubaiPalace.app; sourceTree = BUILT_PRODUCTS_DIR; };
		CEE7D727287D38D900E8D625 /* AppDelegate.swift */ = {isa = PBXFileReference; lastKnownFileType = sourcecode.swift; path = AppDelegate.swift; sourceTree = "<group>"; };
		CEE7D729287D38D900E8D625 /* SceneDelegate.swift */ = {isa = PBXFileReference; lastKnownFileType = sourcecode.swift; path = SceneDelegate.swift; sourceTree = "<group>"; };
		CEE7D730287D38DE00E8D625 /* Assets.xcassets */ = {isa = PBXFileReference; lastKnownFileType = folder.assetcatalog; path = Assets.xcassets; sourceTree = "<group>"; };
		CEE7D735287D38DE00E8D625 /* Info.plist */ = {isa = PBXFileReference; lastKnownFileType = text.plist.xml; path = Info.plist; sourceTree = "<group>"; };
		CEE7D898287D442200E8D625 /* APIManager.swift */ = {isa = PBXFileReference; lastKnownFileType = sourcecode.swift; path = APIManager.swift; sourceTree = "<group>"; };
/* End PBXFileReference section */

/* Begin PBXFrameworksBuildPhase section */
		CEE7D721287D38D800E8D625 /* Frameworks */ = {
			isa = PBXFrameworksBuildPhase;
			buildActionMask = 2147483647;
			files = (
				93BD63F1AF2F28BF33767326 /* libPods-DubaiPalace.a in Frameworks */,
			);
			runOnlyForDeploymentPostprocessing = 0;
		};
/* End PBXFrameworksBuildPhase section */

/* Begin PBXGroup section */
		20B6634F16D3BC5D5B15A02F /* Frameworks */ = {
			isa = PBXGroup;
			children = (
				476549534E7951DE91B8A617 /* libPods-DubaiPalace.a */,
			);
			name = Frameworks;
			sourceTree = "<group>";
		};
		CE76167C287E6C6800B3CCDE /* Login */ = {
			isa = PBXGroup;
			children = (
				CE76167D287E6CE200B3CCDE /* LoginVM.swift */,
				CE7619922886544300B3CCDE /* LoginVC.swift */,
				CE7619932886544300B3CCDE /* LoginVC.xib */,
			);
			path = Login;
			sourceTree = "<group>";
		};
		CE76168D2880203800B3CCDE /* Entities */ = {
			isa = PBXGroup;
			children = (
				CE7616902880261D00B3CCDE /* Result.swift */,
				CE76207C2887CE7700B3CCDE /* AppConfig.swift */,
				CE761685287EB2C200B3CCDE /* LogDetail.swift */,
				CE761683287EAB8B00B3CCDE /* ContentData.swift */,
				CE7618862881604300B3CCDE /* GameList.swift */,
				CE7620802887DD4400B3CCDE /* MemberInfo.swift */,
			);
			path = Entities;
			sourceTree = "<group>";
		};
		CE76168F2880209000B3CCDE /* Repository */ = {
			isa = PBXGroup;
			children = (
				CE761679287E691400B3CCDE /* LoginRepository.swift */,
			);
			path = Repository;
			sourceTree = "<group>";
		};
		CE7619882886498500B3CCDE /* Launch */ = {
			isa = PBXGroup;
			children = (
				CE761991288651FB00B3CCDE /* Launch.storyboard */,
				CE7619842885686900B3CCDE /* LaunchVC.swift */,
				CE761989288649C100B3CCDE /* LaunchVM.swift */,
			);
			path = Launch;
			sourceTree = "<group>";
		};
		CE761A952886A79C00B3CCDE /* Extensions */ = {
			isa = PBXGroup;
			children = (
				CE761F802887A45100B3CCDE /* login.mp4 */,
				CE761B902886A86900B3CCDE /* Extension_Localization.swift */,
			);
			path = Extensions;
			sourceTree = "<group>";
		};
		CE7BD74C288A7AEB00CE450A /* ProfileVC */ = {
			isa = PBXGroup;
			children = (
				CE7BD74D288A7B0E00CE450A /* ProfileVC.swift */,
				CE7BD74E288A7B0E00CE450A /* ProfileVC.xib */,
			);
			path = ProfileVC;
			sourceTree = "<group>";
		};
		CE9BBF44288920B300F754B0 /* Lobby */ = {
			isa = PBXGroup;
			children = (
				CE9BC23B288A3E6D00F754B0 /* Base.storyboard */,
				CE9BC23828895FDB00F754B0 /* BaseTBC.swift */,
				CE9BC23728895FDB00F754B0 /* LobbyVC.xib */,
				CE7BD74A288A519F00CE450A /* LobbyVC.swift */,
				CE7BD84B288AA26A00CE450A /* GameTypeCell.swift */,
				CE7BD84C288AA26A00CE450A /* GameTypeCell.xib */,
			);
			path = Lobby;
			sourceTree = "<group>";
		};
		CEE7D71B287D38D800E8D625 = {
			isa = PBXGroup;
			children = (
				CE76199A288690F200B3CCDE /* Swift-Bridge-Objective-C.h */,
				CEE7D727287D38D900E8D625 /* AppDelegate.swift */,
				CEE7D729287D38D900E8D625 /* SceneDelegate.swift */,
				CE7619982886793400B3CCDE /* LaunchScreen.storyboard */,
				CEE7D726287D38D900E8D625 /* DubaiPalace */,
				CEE7D725287D38D900E8D625 /* Products */,
				D646805DD03FAEF342B63A5C /* Pods */,
				20B6634F16D3BC5D5B15A02F /* Frameworks */,
			);
			sourceTree = "<group>";
		};
		CEE7D725287D38D900E8D625 /* Products */ = {
			isa = PBXGroup;
			children = (
				CEE7D724287D38D900E8D625 /* DubaiPalace.app */,
			);
			name = Products;
			sourceTree = "<group>";
		};
		CEE7D726287D38D900E8D625 /* DubaiPalace */ = {
			isa = PBXGroup;
			children = (
				CEE7D730287D38DE00E8D625 /* Assets.xcassets */,
				CEE7D895287D3DD800E8D625 /* Manager */,
				CE76168D2880203800B3CCDE /* Entities */,
				CE7619882886498500B3CCDE /* Launch */,
				CE76167C287E6C6800B3CCDE /* Login */,
				CE9BBF44288920B300F754B0 /* Lobby */,
				CE7BD74C288A7AEB00CE450A /* ProfileVC */,
				CE761A952886A79C00B3CCDE /* Extensions */,
				CEE7D735287D38DE00E8D625 /* Info.plist */,
			);
			path = DubaiPalace;
			sourceTree = "<group>";
		};
		CEE7D895287D3DD800E8D625 /* Manager */ = {
			isa = PBXGroup;
			children = (
				CE76207E2887D0F100B3CCDE /* AppKey.swift */,
				CE76167F287E790C00B3CCDE /* APIInfo.swift */,
				CEE7D898287D442200E8D625 /* APIManager.swift */,
				CE761689287FFD0300B3CCDE /* ModelSingleton.swift */,
				CE76168F2880209000B3CCDE /* Repository */,
			);
			path = Manager;
			sourceTree = "<group>";
		};
		D646805DD03FAEF342B63A5C /* Pods */ = {
			isa = PBXGroup;
			children = (
				5CDD62F5B8114906891CB1AC /* Pods-DubaiPalace.debug.xcconfig */,
				60D1B2B29DCD232A8228B9B6 /* Pods-DubaiPalace.release.xcconfig */,
			);
			path = Pods;
			sourceTree = "<group>";
		};
/* End PBXGroup section */

/* Begin PBXNativeTarget section */
		CEE7D723287D38D800E8D625 /* DubaiPalace */ = {
			isa = PBXNativeTarget;
			buildConfigurationList = CEE7D738287D38DE00E8D625 /* Build configuration list for PBXNativeTarget "DubaiPalace" */;
			buildPhases = (
				C9A70987FDBFF5C9376D75B6 /* [CP] Check Pods Manifest.lock */,
				CEE7D720287D38D800E8D625 /* Sources */,
				CEE7D721287D38D800E8D625 /* Frameworks */,
				CEE7D722287D38D800E8D625 /* Resources */,
			);
			buildRules = (
			);
			dependencies = (
			);
			name = DubaiPalace;
			productName = DubaiPalace;
			productReference = CEE7D724287D38D900E8D625 /* DubaiPalace.app */;
			productType = "com.apple.product-type.application";
		};
/* End PBXNativeTarget section */

/* Begin PBXProject section */
		CEE7D71C287D38D800E8D625 /* Project object */ = {
			isa = PBXProject;
			attributes = {
				LastSwiftUpdateCheck = 1250;
				LastUpgradeCheck = 1250;
				TargetAttributes = {
					CEE7D723287D38D800E8D625 = {
						CreatedOnToolsVersion = 12.5.1;
					};
				};
			};
			buildConfigurationList = CEE7D71F287D38D800E8D625 /* Build configuration list for PBXProject "DubaiPalace" */;
			compatibilityVersion = "Xcode 9.3";
			developmentRegion = en;
			hasScannedForEncodings = 0;
			knownRegions = (
				en,
				Base,
			);
			mainGroup = CEE7D71B287D38D800E8D625;
			productRefGroup = CEE7D725287D38D900E8D625 /* Products */;
			projectDirPath = "";
			projectRoot = "";
			targets = (
				CEE7D723287D38D800E8D625 /* DubaiPalace */,
			);
		};
/* End PBXProject section */

/* Begin PBXResourcesBuildPhase section */
		CEE7D722287D38D800E8D625 /* Resources */ = {
			isa = PBXResourcesBuildPhase;
			buildActionMask = 2147483647;
			files = (
				CE7BD750288A7B0E00CE450A /* ProfileVC.xib in Resources */,
				CE76198F288651FB00B3CCDE /* Launch.storyboard in Resources */,
				CE7619992886793400B3CCDE /* LaunchScreen.storyboard in Resources */,
				CEE7D731287D38DE00E8D625 /* Assets.xcassets in Resources */,
				CE7619952886544300B3CCDE /* LoginVC.xib in Resources */,
				CE761F812887A45100B3CCDE /* login.mp4 in Resources */,
				CE9BC23C288A3E6D00F754B0 /* Base.storyboard in Resources */,
				CE7BD84E288AA26A00CE450A /* GameTypeCell.xib in Resources */,
				CE9BC23928895FDB00F754B0 /* LobbyVC.xib in Resources */,
			);
			runOnlyForDeploymentPostprocessing = 0;
		};
/* End PBXResourcesBuildPhase section */

/* Begin PBXShellScriptBuildPhase section */
		C9A70987FDBFF5C9376D75B6 /* [CP] Check Pods Manifest.lock */ = {
			isa = PBXShellScriptBuildPhase;
			buildActionMask = 2147483647;
			files = (
			);
			inputFileListPaths = (
			);
			inputPaths = (
				"${PODS_PODFILE_DIR_PATH}/Podfile.lock",
				"${PODS_ROOT}/Manifest.lock",
			);
			name = "[CP] Check Pods Manifest.lock";
			outputFileListPaths = (
			);
			outputPaths = (
				"$(DERIVED_FILE_DIR)/Pods-DubaiPalace-checkManifestLockResult.txt",
			);
			runOnlyForDeploymentPostprocessing = 0;
			shellPath = /bin/sh;
			shellScript = "diff \"${PODS_PODFILE_DIR_PATH}/Podfile.lock\" \"${PODS_ROOT}/Manifest.lock\" > /dev/null\nif [ $? != 0 ] ; then\n    # print error to STDERR\n    echo \"error: The sandbox is not in sync with the Podfile.lock. Run 'pod install' or update your CocoaPods installation.\" >&2\n    exit 1\nfi\n# This output is used by Xcode 'outputs' to avoid re-running this script phase.\necho \"SUCCESS\" > \"${SCRIPT_OUTPUT_FILE_0}\"\n";
			showEnvVarsInLog = 0;
		};
/* End PBXShellScriptBuildPhase section */

/* Begin PBXSourcesBuildPhase section */
		CEE7D720287D38D800E8D625 /* Sources */ = {
			isa = PBXSourcesBuildPhase;
			buildActionMask = 2147483647;
			files = (
				CE76167E287E6CE200B3CCDE /* LoginVM.swift in Sources */,
				CE7BD74B288A519F00CE450A /* LobbyVC.swift in Sources */,
				CE7619862885686900B3CCDE /* LaunchVC.swift in Sources */,
				CE7BD84D288AA26A00CE450A /* GameTypeCell.swift in Sources */,
				CEE7D899287D442200E8D625 /* APIManager.swift in Sources */,
				CEE7D728287D38D900E8D625 /* AppDelegate.swift in Sources */,
				CE9BC23A28895FDB00F754B0 /* BaseTBC.swift in Sources */,
				CE761686287EB2C200B3CCDE /* LogDetail.swift in Sources */,
				CE7620812887DD4400B3CCDE /* MemberInfo.swift in Sources */,
				CEE7D72A287D38D900E8D625 /* SceneDelegate.swift in Sources */,
				CE7BD74F288A7B0E00CE450A /* ProfileVC.swift in Sources */,
				CE76198A288649C100B3CCDE /* LaunchVM.swift in Sources */,
				CE76168A287FFD0300B3CCDE /* ModelSingleton.swift in Sources */,
				CE761680287E790C00B3CCDE /* APIInfo.swift in Sources */,
				CE76207D2887CE7700B3CCDE /* AppConfig.swift in Sources */,
				CE76167A287E691400B3CCDE /* LoginRepository.swift in Sources */,
				CE7619942886544300B3CCDE /* LoginVC.swift in Sources */,
				CE761B912886A86900B3CCDE /* Extension_Localization.swift in Sources */,
				CE76207F2887D0F100B3CCDE /* AppKey.swift in Sources */,
				CE7616912880261D00B3CCDE /* Result.swift in Sources */,
				CE7618872881604300B3CCDE /* GameList.swift in Sources */,
				CE761684287EAB8B00B3CCDE /* ContentData.swift in Sources */,
			);
			runOnlyForDeploymentPostprocessing = 0;
		};
/* End PBXSourcesBuildPhase section */

/* Begin PBXVariantGroup section */
		CE761991288651FB00B3CCDE /* Launch.storyboard */ = {
			isa = PBXVariantGroup;
			children = (
				CE761990288651FB00B3CCDE /* Base */,
			);
			name = Launch.storyboard;
			sourceTree = "<group>";
		};
/* End PBXVariantGroup section */

/* Begin XCBuildConfiguration section */
		CEE7D736287D38DE00E8D625 /* Debug */ = {
			isa = XCBuildConfiguration;
			buildSettings = {
				ALWAYS_SEARCH_USER_PATHS = NO;
				CLANG_ANALYZER_NONNULL = YES;
				CLANG_ANALYZER_NUMBER_OBJECT_CONVERSION = YES_AGGRESSIVE;
				CLANG_CXX_LANGUAGE_STANDARD = "gnu++14";
				CLANG_CXX_LIBRARY = "libc++";
				CLANG_ENABLE_MODULES = YES;
				CLANG_ENABLE_OBJC_ARC = YES;
				CLANG_ENABLE_OBJC_WEAK = YES;
				CLANG_WARN_BLOCK_CAPTURE_AUTORELEASING = YES;
				CLANG_WARN_BOOL_CONVERSION = YES;
				CLANG_WARN_COMMA = YES;
				CLANG_WARN_CONSTANT_CONVERSION = YES;
				CLANG_WARN_DEPRECATED_OBJC_IMPLEMENTATIONS = YES;
				CLANG_WARN_DIRECT_OBJC_ISA_USAGE = YES_ERROR;
				CLANG_WARN_DOCUMENTATION_COMMENTS = YES;
				CLANG_WARN_EMPTY_BODY = YES;
				CLANG_WARN_ENUM_CONVERSION = YES;
				CLANG_WARN_INFINITE_RECURSION = YES;
				CLANG_WARN_INT_CONVERSION = YES;
				CLANG_WARN_NON_LITERAL_NULL_CONVERSION = YES;
				CLANG_WARN_OBJC_IMPLICIT_RETAIN_SELF = YES;
				CLANG_WARN_OBJC_LITERAL_CONVERSION = YES;
				CLANG_WARN_OBJC_ROOT_CLASS = YES_ERROR;
				CLANG_WARN_QUOTED_INCLUDE_IN_FRAMEWORK_HEADER = YES;
				CLANG_WARN_RANGE_LOOP_ANALYSIS = YES;
				CLANG_WARN_STRICT_PROTOTYPES = YES;
				CLANG_WARN_SUSPICIOUS_MOVE = YES;
				CLANG_WARN_UNGUARDED_AVAILABILITY = YES_AGGRESSIVE;
				CLANG_WARN_UNREACHABLE_CODE = YES;
				CLANG_WARN__DUPLICATE_METHOD_MATCH = YES;
				COPY_PHASE_STRIP = NO;
				DEBUG_INFORMATION_FORMAT = dwarf;
				ENABLE_STRICT_OBJC_MSGSEND = YES;
				ENABLE_TESTABILITY = YES;
				GCC_C_LANGUAGE_STANDARD = gnu11;
				GCC_DYNAMIC_NO_PIC = NO;
				GCC_NO_COMMON_BLOCKS = YES;
				GCC_OPTIMIZATION_LEVEL = 0;
				GCC_PREPROCESSOR_DEFINITIONS = (
					"DEBUG=1",
					"$(inherited)",
				);
				GCC_WARN_64_TO_32_BIT_CONVERSION = YES;
				GCC_WARN_ABOUT_RETURN_TYPE = YES_ERROR;
				GCC_WARN_UNDECLARED_SELECTOR = YES;
				GCC_WARN_UNINITIALIZED_AUTOS = YES_AGGRESSIVE;
				GCC_WARN_UNUSED_FUNCTION = YES;
				GCC_WARN_UNUSED_VARIABLE = YES;
				IPHONEOS_DEPLOYMENT_TARGET = 14.5;
				MTL_ENABLE_DEBUG_INFO = INCLUDE_SOURCE;
				MTL_FAST_MATH = YES;
				ONLY_ACTIVE_ARCH = YES;
				SDKROOT = iphoneos;
				SWIFT_ACTIVE_COMPILATION_CONDITIONS = DEBUG;
				SWIFT_OPTIMIZATION_LEVEL = "-Onone";
			};
			name = Debug;
		};
		CEE7D737287D38DE00E8D625 /* Release */ = {
			isa = XCBuildConfiguration;
			buildSettings = {
				ALWAYS_SEARCH_USER_PATHS = NO;
				CLANG_ANALYZER_NONNULL = YES;
				CLANG_ANALYZER_NUMBER_OBJECT_CONVERSION = YES_AGGRESSIVE;
				CLANG_CXX_LANGUAGE_STANDARD = "gnu++14";
				CLANG_CXX_LIBRARY = "libc++";
				CLANG_ENABLE_MODULES = YES;
				CLANG_ENABLE_OBJC_ARC = YES;
				CLANG_ENABLE_OBJC_WEAK = YES;
				CLANG_WARN_BLOCK_CAPTURE_AUTORELEASING = YES;
				CLANG_WARN_BOOL_CONVERSION = YES;
				CLANG_WARN_COMMA = YES;
				CLANG_WARN_CONSTANT_CONVERSION = YES;
				CLANG_WARN_DEPRECATED_OBJC_IMPLEMENTATIONS = YES;
				CLANG_WARN_DIRECT_OBJC_ISA_USAGE = YES_ERROR;
				CLANG_WARN_DOCUMENTATION_COMMENTS = YES;
				CLANG_WARN_EMPTY_BODY = YES;
				CLANG_WARN_ENUM_CONVERSION = YES;
				CLANG_WARN_INFINITE_RECURSION = YES;
				CLANG_WARN_INT_CONVERSION = YES;
				CLANG_WARN_NON_LITERAL_NULL_CONVERSION = YES;
				CLANG_WARN_OBJC_IMPLICIT_RETAIN_SELF = YES;
				CLANG_WARN_OBJC_LITERAL_CONVERSION = YES;
				CLANG_WARN_OBJC_ROOT_CLASS = YES_ERROR;
				CLANG_WARN_QUOTED_INCLUDE_IN_FRAMEWORK_HEADER = YES;
				CLANG_WARN_RANGE_LOOP_ANALYSIS = YES;
				CLANG_WARN_STRICT_PROTOTYPES = YES;
				CLANG_WARN_SUSPICIOUS_MOVE = YES;
				CLANG_WARN_UNGUARDED_AVAILABILITY = YES_AGGRESSIVE;
				CLANG_WARN_UNREACHABLE_CODE = YES;
				CLANG_WARN__DUPLICATE_METHOD_MATCH = YES;
				COPY_PHASE_STRIP = NO;
				DEBUG_INFORMATION_FORMAT = "dwarf-with-dsym";
				ENABLE_NS_ASSERTIONS = NO;
				ENABLE_STRICT_OBJC_MSGSEND = YES;
				GCC_C_LANGUAGE_STANDARD = gnu11;
				GCC_NO_COMMON_BLOCKS = YES;
				GCC_WARN_64_TO_32_BIT_CONVERSION = YES;
				GCC_WARN_ABOUT_RETURN_TYPE = YES_ERROR;
				GCC_WARN_UNDECLARED_SELECTOR = YES;
				GCC_WARN_UNINITIALIZED_AUTOS = YES_AGGRESSIVE;
				GCC_WARN_UNUSED_FUNCTION = YES;
				GCC_WARN_UNUSED_VARIABLE = YES;
				IPHONEOS_DEPLOYMENT_TARGET = 14.5;
				MTL_ENABLE_DEBUG_INFO = NO;
				MTL_FAST_MATH = YES;
				SDKROOT = iphoneos;
				SWIFT_COMPILATION_MODE = wholemodule;
				SWIFT_OPTIMIZATION_LEVEL = "-O";
				VALIDATE_PRODUCT = YES;
			};
			name = Release;
		};
		CEE7D739287D38DE00E8D625 /* Debug */ = {
			isa = XCBuildConfiguration;
			baseConfigurationReference = 5CDD62F5B8114906891CB1AC /* Pods-DubaiPalace.debug.xcconfig */;
			buildSettings = {
				ASSETCATALOG_COMPILER_APPICON_NAME = AppIcon;
				ASSETCATALOG_COMPILER_GLOBAL_ACCENT_COLOR_NAME = AccentColor;
				CODE_SIGN_STYLE = Automatic;
				DEVELOPMENT_TEAM = KT6JW3JAUG;
				INFOPLIST_FILE = DubaiPalace/Info.plist;
				IPHONEOS_DEPLOYMENT_TARGET = 13.0;
				LD_RUNPATH_SEARCH_PATHS = (
					"$(inherited)",
					"@executable_path/Frameworks",
				);
				PRODUCT_BUNDLE_IDENTIFIER = joliangel288.DubaiPalace;
				PRODUCT_NAME = "$(TARGET_NAME)";
				SWIFT_OBJC_BRIDGING_HEADER = "/Users/user/Documents/GitHub/DemoApp/Swift-Bridge-Objective-C.h";
				SWIFT_VERSION = 5.0;
				TARGETED_DEVICE_FAMILY = "1,2";
			};
			name = Debug;
		};
		CEE7D73A287D38DE00E8D625 /* Release */ = {
			isa = XCBuildConfiguration;
			baseConfigurationReference = 60D1B2B29DCD232A8228B9B6 /* Pods-DubaiPalace.release.xcconfig */;
			buildSettings = {
				ASSETCATALOG_COMPILER_APPICON_NAME = AppIcon;
				ASSETCATALOG_COMPILER_GLOBAL_ACCENT_COLOR_NAME = AccentColor;
				CODE_SIGN_STYLE = Automatic;
				DEVELOPMENT_TEAM = KT6JW3JAUG;
				INFOPLIST_FILE = DubaiPalace/Info.plist;
				IPHONEOS_DEPLOYMENT_TARGET = 13.0;
				LD_RUNPATH_SEARCH_PATHS = (
					"$(inherited)",
					"@executable_path/Frameworks",
				);
				PRODUCT_BUNDLE_IDENTIFIER = joliangel288.DubaiPalace;
				PRODUCT_NAME = "$(TARGET_NAME)";
				SWIFT_OBJC_BRIDGING_HEADER = "/Users/user/Documents/GitHub/DemoApp/Swift-Bridge-Objective-C.h";
				SWIFT_VERSION = 5.0;
				TARGETED_DEVICE_FAMILY = "1,2";
			};
			name = Release;
		};
/* End XCBuildConfiguration section */

/* Begin XCConfigurationList section */
		CEE7D71F287D38D800E8D625 /* Build configuration list for PBXProject "DubaiPalace" */ = {
			isa = XCConfigurationList;
			buildConfigurations = (
				CEE7D736287D38DE00E8D625 /* Debug */,
				CEE7D737287D38DE00E8D625 /* Release */,
			);
			defaultConfigurationIsVisible = 0;
			defaultConfigurationName = Release;
		};
		CEE7D738287D38DE00E8D625 /* Build configuration list for PBXNativeTarget "DubaiPalace" */ = {
			isa = XCConfigurationList;
			buildConfigurations = (
				CEE7D739287D38DE00E8D625 /* Debug */,
				CEE7D73A287D38DE00E8D625 /* Release */,
			);
			defaultConfigurationIsVisible = 0;
			defaultConfigurationName = Release;
		};
/* End XCConfigurationList section */
	};
	rootObject = CEE7D71C287D38D800E8D625 /* Project object */;
}
