// !$*UTF8*$!
{
	archiveVersion = 1;
	classes = {
	};
	objectVersion = 50;
	objects = {

/* Begin PBXBuildFile section */
		93BD63F1AF2F28BF33767326 /* libPods-DubaiPalace.a in Frameworks */ = {isa = PBXBuildFile; fileRef = 476549534E7951DE91B8A617 /* libPods-DubaiPalace.a */; };
		CE76167A287E691400B3CCDE /* LoginRepository.swift in Sources */ = {isa = PBXBuildFile; fileRef = CE761679287E691400B3CCDE /* LoginRepository.swift */; };
		CE76167E287E6CE200B3CCDE /* LoginVM.swift in Sources */ = {isa = PBXBuildFile; fileRef = CE76167D287E6CE200B3CCDE /* LoginVM.swift */; };
		CE761680287E790C00B3CCDE /* APIInfo.swift in Sources */ = {isa = PBXBuildFile; fileRef = CE76167F287E790C00B3CCDE /* APIInfo.swift */; };
		CE761684287EAB8B00B3CCDE /* ContentData.swift in Sources */ = {isa = PBXBuildFile; fileRef = CE761683287EAB8B00B3CCDE /* ContentData.swift */; };
		CE761686287EB2C200B3CCDE /* LogDetail.swift in Sources */ = {isa = PBXBuildFile; fileRef = CE761685287EB2C200B3CCDE /* LogDetail.swift */; };
		CE76168A287FFD0300B3CCDE /* ModelSingleton.swift in Sources */ = {isa = PBXBuildFile; fileRef = CE761689287FFD0300B3CCDE /* ModelSingleton.swift */; };
		CE7616912880261D00B3CCDE /* Result.swift in Sources */ = {isa = PBXBuildFile; fileRef = CE7616902880261D00B3CCDE /* Result.swift */; };
		CE7618872881604300B3CCDE /* GameList.swift in Sources */ = {isa = PBXBuildFile; fileRef = CE7618862881604300B3CCDE /* GameList.swift */; };
		CEE7D728287D38D900E8D625 /* AppDelegate.swift in Sources */ = {isa = PBXBuildFile; fileRef = CEE7D727287D38D900E8D625 /* AppDelegate.swift */; };
		CEE7D72A287D38D900E8D625 /* SceneDelegate.swift in Sources */ = {isa = PBXBuildFile; fileRef = CEE7D729287D38D900E8D625 /* SceneDelegate.swift */; };
		CEE7D72C287D38D900E8D625 /* LoginVC.swift in Sources */ = {isa = PBXBuildFile; fileRef = CEE7D72B287D38D900E8D625 /* LoginVC.swift */; };
		CEE7D72F287D38D900E8D625 /* Main.storyboard in Resources */ = {isa = PBXBuildFile; fileRef = CEE7D72D287D38D900E8D625 /* Main.storyboard */; };
		CEE7D731287D38DE00E8D625 /* Assets.xcassets in Resources */ = {isa = PBXBuildFile; fileRef = CEE7D730287D38DE00E8D625 /* Assets.xcassets */; };
		CEE7D734287D38DE00E8D625 /* LaunchScreen.storyboard in Resources */ = {isa = PBXBuildFile; fileRef = CEE7D732287D38DE00E8D625 /* LaunchScreen.storyboard */; };
		CEE7D897287D3F6000E8D625 /* AppConfig.swift in Sources */ = {isa = PBXBuildFile; fileRef = CEE7D896287D3F6000E8D625 /* AppConfig.swift */; };
		CEE7D899287D442200E8D625 /* APIManager.swift in Sources */ = {isa = PBXBuildFile; fileRef = CEE7D898287D442200E8D625 /* APIManager.swift */; };
/* End PBXBuildFile section */

/* Begin PBXFileReference section */
		476549534E7951DE91B8A617 /* libPods-DubaiPalace.a */ = {isa = PBXFileReference; explicitFileType = archive.ar; includeInIndex = 0; path = "libPods-DubaiPalace.a"; sourceTree = BUILT_PRODUCTS_DIR; };
		5CDD62F5B8114906891CB1AC /* Pods-DubaiPalace.debug.xcconfig */ = {isa = PBXFileReference; includeInIndex = 1; lastKnownFileType = text.xcconfig; name = "Pods-DubaiPalace.debug.xcconfig"; path = "Target Support Files/Pods-DubaiPalace/Pods-DubaiPalace.debug.xcconfig"; sourceTree = "<group>"; };
		60D1B2B29DCD232A8228B9B6 /* Pods-DubaiPalace.release.xcconfig */ = {isa = PBXFileReference; includeInIndex = 1; lastKnownFileType = text.xcconfig; name = "Pods-DubaiPalace.release.xcconfig"; path = "Target Support Files/Pods-DubaiPalace/Pods-DubaiPalace.release.xcconfig"; sourceTree = "<group>"; };
		CE761679287E691400B3CCDE /* LoginRepository.swift */ = {isa = PBXFileReference; lastKnownFileType = sourcecode.swift; path = LoginRepository.swift; sourceTree = "<group>"; };
		CE76167D287E6CE200B3CCDE /* LoginVM.swift */ = {isa = PBXFileReference; lastKnownFileType = sourcecode.swift; path = LoginVM.swift; sourceTree = "<group>"; };
		CE76167F287E790C00B3CCDE /* APIInfo.swift */ = {isa = PBXFileReference; lastKnownFileType = sourcecode.swift; path = APIInfo.swift; sourceTree = "<group>"; };
		CE761683287EAB8B00B3CCDE /* ContentData.swift */ = {isa = PBXFileReference; lastKnownFileType = sourcecode.swift; path = ContentData.swift; sourceTree = "<group>"; };
		CE761685287EB2C200B3CCDE /* LogDetail.swift */ = {isa = PBXFileReference; lastKnownFileType = sourcecode.swift; path = LogDetail.swift; sourceTree = "<group>"; };
		CE761689287FFD0300B3CCDE /* ModelSingleton.swift */ = {isa = PBXFileReference; lastKnownFileType = sourcecode.swift; path = ModelSingleton.swift; sourceTree = "<group>"; };
		CE7616902880261D00B3CCDE /* Result.swift */ = {isa = PBXFileReference; lastKnownFileType = sourcecode.swift; path = Result.swift; sourceTree = "<group>"; };
		CE7618862881604300B3CCDE /* GameList.swift */ = {isa = PBXFileReference; lastKnownFileType = sourcecode.swift; path = GameList.swift; sourceTree = "<group>"; };
		CEE7D724287D38D900E8D625 /* DubaiPalace.app */ = {isa = PBXFileReference; explicitFileType = wrapper.application; includeInIndex = 0; path = DubaiPalace.app; sourceTree = BUILT_PRODUCTS_DIR; };
		CEE7D727287D38D900E8D625 /* AppDelegate.swift */ = {isa = PBXFileReference; lastKnownFileType = sourcecode.swift; path = AppDelegate.swift; sourceTree = "<group>"; };
		CEE7D729287D38D900E8D625 /* SceneDelegate.swift */ = {isa = PBXFileReference; lastKnownFileType = sourcecode.swift; path = SceneDelegate.swift; sourceTree = "<group>"; };
		CEE7D72B287D38D900E8D625 /* LoginVC.swift */ = {isa = PBXFileReference; lastKnownFileType = sourcecode.swift; path = LoginVC.swift; sourceTree = "<group>"; };
		CEE7D72E287D38D900E8D625 /* Base */ = {isa = PBXFileReference; lastKnownFileType = file.storyboard; name = Base; path = Base.lproj/Main.storyboard; sourceTree = "<group>"; };
		CEE7D730287D38DE00E8D625 /* Assets.xcassets */ = {isa = PBXFileReference; lastKnownFileType = folder.assetcatalog; path = Assets.xcassets; sourceTree = "<group>"; };
		CEE7D733287D38DE00E8D625 /* Base */ = {isa = PBXFileReference; lastKnownFileType = file.storyboard; name = Base; path = Base.lproj/LaunchScreen.storyboard; sourceTree = "<group>"; };
		CEE7D735287D38DE00E8D625 /* Info.plist */ = {isa = PBXFileReference; lastKnownFileType = text.plist.xml; path = Info.plist; sourceTree = "<group>"; };
		CEE7D896287D3F6000E8D625 /* AppConfig.swift */ = {isa = PBXFileReference; lastKnownFileType = sourcecode.swift; name = AppConfig.swift; path = DubaiPalace/Model/Entities/AppConfig.swift; sourceTree = SOURCE_ROOT; };
		CEE7D898287D442200E8D625 /* APIManager.swift */ = {isa = PBXFileReference; lastKnownFileType = sourcecode.swift; path = APIManager.swift; sourceTree = "<group>"; };
/* End PBXFileReference section */

/* Begin PBXFrameworksBuildPhase section */
		CEE7D721287D38D800E8D625 /* Frameworks */ = {
			isa = PBXFrameworksBuildPhase;
			buildActionMask = 2147483647;
			files = (
				93BD63F1AF2F28BF33767326 /* libPods-DubaiPalace.a in Frameworks */,
			);
			runOnlyForDeploymentPostprocessing = 0;
		};
/* End PBXFrameworksBuildPhase section */

/* Begin PBXGroup section */
		20B6634F16D3BC5D5B15A02F /* Frameworks */ = {
			isa = PBXGroup;
			children = (
				476549534E7951DE91B8A617 /* libPods-DubaiPalace.a */,
			);
			name = Frameworks;
			sourceTree = "<group>";
		};
		CE76167C287E6C6800B3CCDE /* Login */ = {
			isa = PBXGroup;
			children = (
				CEE7D72B287D38D900E8D625 /* LoginVC.swift */,
				CE76167D287E6CE200B3CCDE /* LoginVM.swift */,
			);
			path = Login;
			sourceTree = "<group>";
		};
		CE76168D2880203800B3CCDE /* Entities */ = {
			isa = PBXGroup;
			children = (
				CE7616902880261D00B3CCDE /* Result.swift */,
				CEE7D896287D3F6000E8D625 /* AppConfig.swift */,
				CE761685287EB2C200B3CCDE /* LogDetail.swift */,
				CE761683287EAB8B00B3CCDE /* ContentData.swift */,
				CE7618862881604300B3CCDE /* GameList.swift */,
			);
			path = Entities;
			sourceTree = "<group>";
		};
		CE76168F2880209000B3CCDE /* Repository */ = {
			isa = PBXGroup;
			children = (
				CE761679287E691400B3CCDE /* LoginRepository.swift */,
			);
			path = Repository;
			sourceTree = "<group>";
		};
		CEE7D71B287D38D800E8D625 = {
			isa = PBXGroup;
			children = (
				CEE7D726287D38D900E8D625 /* DubaiPalace */,
				CEE7D725287D38D900E8D625 /* Products */,
				D646805DD03FAEF342B63A5C /* Pods */,
				20B6634F16D3BC5D5B15A02F /* Frameworks */,
			);
			sourceTree = "<group>";
		};
		CEE7D725287D38D900E8D625 /* Products */ = {
			isa = PBXGroup;
			children = (
				CEE7D724287D38D900E8D625 /* DubaiPalace.app */,
			);
			name = Products;
			sourceTree = "<group>";
		};
		CEE7D726287D38D900E8D625 /* DubaiPalace */ = {
			isa = PBXGroup;
			children = (
				CEE7D895287D3DD800E8D625 /* Model */,
				CE76167C287E6C6800B3CCDE /* Login */,
				CEE7D727287D38D900E8D625 /* AppDelegate.swift */,
				CEE7D729287D38D900E8D625 /* SceneDelegate.swift */,
				CEE7D72D287D38D900E8D625 /* Main.storyboard */,
				CEE7D730287D38DE00E8D625 /* Assets.xcassets */,
				CEE7D732287D38DE00E8D625 /* LaunchScreen.storyboard */,
				CEE7D735287D38DE00E8D625 /* Info.plist */,
			);
			path = DubaiPalace;
			sourceTree = "<group>";
		};
		CEE7D895287D3DD800E8D625 /* Model */ = {
			isa = PBXGroup;
			children = (
				CE76167F287E790C00B3CCDE /* APIInfo.swift */,
				CEE7D898287D442200E8D625 /* APIManager.swift */,
				CE761689287FFD0300B3CCDE /* ModelSingleton.swift */,
				CE76168D2880203800B3CCDE /* Entities */,
				CE76168F2880209000B3CCDE /* Repository */,
			);
			path = Model;
			sourceTree = "<group>";
		};
		D646805DD03FAEF342B63A5C /* Pods */ = {
			isa = PBXGroup;
			children = (
				5CDD62F5B8114906891CB1AC /* Pods-DubaiPalace.debug.xcconfig */,
				60D1B2B29DCD232A8228B9B6 /* Pods-DubaiPalace.release.xcconfig */,
			);
			path = Pods;
			sourceTree = "<group>";
		};
/* End PBXGroup section */

/* Begin PBXNativeTarget section */
		CEE7D723287D38D800E8D625 /* DubaiPalace */ = {
			isa = PBXNativeTarget;
			buildConfigurationList = CEE7D738287D38DE00E8D625 /* Build configuration list for PBXNativeTarget "DubaiPalace" */;
			buildPhases = (
				C9A70987FDBFF5C9376D75B6 /* [CP] Check Pods Manifest.lock */,
				CEE7D720287D38D800E8D625 /* Sources */,
				CEE7D721287D38D800E8D625 /* Frameworks */,
				CEE7D722287D38D800E8D625 /* Resources */,
			);
			buildRules = (
			);
			dependencies = (
			);
			name = DubaiPalace;
			productName = DubaiPalace;
			productReference = CEE7D724287D38D900E8D625 /* DubaiPalace.app */;
			productType = "com.apple.product-type.application";
		};
/* End PBXNativeTarget section */

/* Begin PBXProject section */
		CEE7D71C287D38D800E8D625 /* Project object */ = {
			isa = PBXProject;
			attributes = {
				LastSwiftUpdateCheck = 1250;
				LastUpgradeCheck = 1250;
				TargetAttributes = {
					CEE7D723287D38D800E8D625 = {
						CreatedOnToolsVersion = 12.5.1;
					};
				};
			};
			buildConfigurationList = CEE7D71F287D38D800E8D625 /* Build configuration list for PBXProject "DubaiPalace" */;
			compatibilityVersion = "Xcode 9.3";
			developmentRegion = en;
			hasScannedForEncodings = 0;
			knownRegions = (
				en,
				Base,
			);
			mainGroup = CEE7D71B287D38D800E8D625;
			productRefGroup = CEE7D725287D38D900E8D625 /* Products */;
			projectDirPath = "";
			projectRoot = "";
			targets = (
				CEE7D723287D38D800E8D625 /* DubaiPalace */,
			);
		};
/* End PBXProject section */

/* Begin PBXResourcesBuildPhase section */
		CEE7D722287D38D800E8D625 /* Resources */ = {
			isa = PBXResourcesBuildPhase;
			buildActionMask = 2147483647;
			files = (
				CEE7D734287D38DE00E8D625 /* LaunchScreen.storyboard in Resources */,
				CEE7D731287D38DE00E8D625 /* Assets.xcassets in Resources */,
				CEE7D72F287D38D900E8D625 /* Main.storyboard in Resources */,
			);
			runOnlyForDeploymentPostprocessing = 0;
		};
/* End PBXResourcesBuildPhase section */

/* Begin PBXShellScriptBuildPhase section */
		C9A70987FDBFF5C9376D75B6 /* [CP] Check Pods Manifest.lock */ = {
			isa = PBXShellScriptBuildPhase;
			buildActionMask = 2147483647;
			files = (
			);
			inputFileListPaths = (
			);
			inputPaths = (
				"${PODS_PODFILE_DIR_PATH}/Podfile.lock",
				"${PODS_ROOT}/Manifest.lock",
			);
			name = "[CP] Check Pods Manifest.lock";
			outputFileListPaths = (
			);
			outputPaths = (
				"$(DERIVED_FILE_DIR)/Pods-DubaiPalace-checkManifestLockResult.txt",
			);
			runOnlyForDeploymentPostprocessing = 0;
			shellPath = /bin/sh;
			shellScript = "diff \"${PODS_PODFILE_DIR_PATH}/Podfile.lock\" \"${PODS_ROOT}/Manifest.lock\" > /dev/null\nif [ $? != 0 ] ; then\n    # print error to STDERR\n    echo \"error: The sandbox is not in sync with the Podfile.lock. Run 'pod install' or update your CocoaPods installation.\" >&2\n    exit 1\nfi\n# This output is used by Xcode 'outputs' to avoid re-running this script phase.\necho \"SUCCESS\" > \"${SCRIPT_OUTPUT_FILE_0}\"\n";
			showEnvVarsInLog = 0;
		};
/* End PBXShellScriptBuildPhase section */

/* Begin PBXSourcesBuildPhase section */
		CEE7D720287D38D800E8D625 /* Sources */ = {
			isa = PBXSourcesBuildPhase;
			buildActionMask = 2147483647;
			files = (
				CE76167E287E6CE200B3CCDE /* LoginVM.swift in Sources */,
				CEE7D72C287D38D900E8D625 /* LoginVC.swift in Sources */,
				CEE7D897287D3F6000E8D625 /* AppConfig.swift in Sources */,
				CEE7D899287D442200E8D625 /* APIManager.swift in Sources */,
				CEE7D728287D38D900E8D625 /* AppDelegate.swift in Sources */,
				CE761686287EB2C200B3CCDE /* LogDetail.swift in Sources */,
				CEE7D72A287D38D900E8D625 /* SceneDelegate.swift in Sources */,
				CE76168A287FFD0300B3CCDE /* ModelSingleton.swift in Sources */,
				CE761680287E790C00B3CCDE /* APIInfo.swift in Sources */,
				CE76167A287E691400B3CCDE /* LoginRepository.swift in Sources */,
				CE7616912880261D00B3CCDE /* Result.swift in Sources */,
				CE7618872881604300B3CCDE /* GameList.swift in Sources */,
				CE761684287EAB8B00B3CCDE /* ContentData.swift in Sources */,
			);
			runOnlyForDeploymentPostprocessing = 0;
		};
/* End PBXSourcesBuildPhase section */

/* Begin PBXVariantGroup section */
		CEE7D72D287D38D900E8D625 /* Main.storyboard */ = {
			isa = PBXVariantGroup;
			children = (
				CEE7D72E287D38D900E8D625 /* Base */,
			);
			name = Main.storyboard;
			sourceTree = "<group>";
		};
		CEE7D732287D38DE00E8D625 /* LaunchScreen.storyboard */ = {
			isa = PBXVariantGroup;
			children = (
				CEE7D733287D38DE00E8D625 /* Base */,
			);
			name = LaunchScreen.storyboard;
			sourceTree = "<group>";
		};
/* End PBXVariantGroup section */

/* Begin XCBuildConfiguration section */
		CEE7D736287D38DE00E8D625 /* Debug */ = {
			isa = XCBuildConfiguration;
			buildSettings = {
				ALWAYS_SEARCH_USER_PATHS = NO;
				CLANG_ANALYZER_NONNULL = YES;
				CLANG_ANALYZER_NUMBER_OBJECT_CONVERSION = YES_AGGRESSIVE;
				CLANG_CXX_LANGUAGE_STANDARD = "gnu++14";
				CLANG_CXX_LIBRARY = "libc++";
				CLANG_ENABLE_MODULES = YES;
				CLANG_ENABLE_OBJC_ARC = YES;
				CLANG_ENABLE_OBJC_WEAK = YES;
				CLANG_WARN_BLOCK_CAPTURE_AUTORELEASING = YES;
				CLANG_WARN_BOOL_CONVERSION = YES;
				CLANG_WARN_COMMA = YES;
				CLANG_WARN_CONSTANT_CONVERSION = YES;
				CLANG_WARN_DEPRECATED_OBJC_IMPLEMENTATIONS = YES;
				CLANG_WARN_DIRECT_OBJC_ISA_USAGE = YES_ERROR;
				CLANG_WARN_DOCUMENTATION_COMMENTS = YES;
				CLANG_WARN_EMPTY_BODY = YES;
				CLANG_WARN_ENUM_CONVERSION = YES;
				CLANG_WARN_INFINITE_RECURSION = YES;
				CLANG_WARN_INT_CONVERSION = YES;
				CLANG_WARN_NON_LITERAL_NULL_CONVERSION = YES;
				CLANG_WARN_OBJC_IMPLICIT_RETAIN_SELF = YES;
				CLANG_WARN_OBJC_LITERAL_CONVERSION = YES;
				CLANG_WARN_OBJC_ROOT_CLASS = YES_ERROR;
				CLANG_WARN_QUOTED_INCLUDE_IN_FRAMEWORK_HEADER = YES;
				CLANG_WARN_RANGE_LOOP_ANALYSIS = YES;
				CLANG_WARN_STRICT_PROTOTYPES = YES;
				CLANG_WARN_SUSPICIOUS_MOVE = YES;
				CLANG_WARN_UNGUARDED_AVAILABILITY = YES_AGGRESSIVE;
				CLANG_WARN_UNREACHABLE_CODE = YES;
				CLANG_WARN__DUPLICATE_METHOD_MATCH = YES;
				COPY_PHASE_STRIP = NO;
				DEBUG_INFORMATION_FORMAT = dwarf;
				ENABLE_STRICT_OBJC_MSGSEND = YES;
				ENABLE_TESTABILITY = YES;
				GCC_C_LANGUAGE_STANDARD = gnu11;
				GCC_DYNAMIC_NO_PIC = NO;
				GCC_NO_COMMON_BLOCKS = YES;
				GCC_OPTIMIZATION_LEVEL = 0;
				GCC_PREPROCESSOR_DEFINITIONS = (
					"DEBUG=1",
					"$(inherited)",
				);
				GCC_WARN_64_TO_32_BIT_CONVERSION = YES;
				GCC_WARN_ABOUT_RETURN_TYPE = YES_ERROR;
				GCC_WARN_UNDECLARED_SELECTOR = YES;
				GCC_WARN_UNINITIALIZED_AUTOS = YES_AGGRESSIVE;
				GCC_WARN_UNUSED_FUNCTION = YES;
				GCC_WARN_UNUSED_VARIABLE = YES;
				IPHONEOS_DEPLOYMENT_TARGET = 14.5;
				MTL_ENABLE_DEBUG_INFO = INCLUDE_SOURCE;
				MTL_FAST_MATH = YES;
				ONLY_ACTIVE_ARCH = YES;
				SDKROOT = iphoneos;
				SWIFT_ACTIVE_COMPILATION_CONDITIONS = DEBUG;
				SWIFT_OPTIMIZATION_LEVEL = "-Onone";
			};
			name = Debug;
		};
		CEE7D737287D38DE00E8D625 /* Release */ = {
			isa = XCBuildConfiguration;
			buildSettings = {
				ALWAYS_SEARCH_USER_PATHS = NO;
				CLANG_ANALYZER_NONNULL = YES;
				CLANG_ANALYZER_NUMBER_OBJECT_CONVERSION = YES_AGGRESSIVE;
				CLANG_CXX_LANGUAGE_STANDARD = "gnu++14";
				CLANG_CXX_LIBRARY = "libc++";
				CLANG_ENABLE_MODULES = YES;
				CLANG_ENABLE_OBJC_ARC = YES;
				CLANG_ENABLE_OBJC_WEAK = YES;
				CLANG_WARN_BLOCK_CAPTURE_AUTORELEASING = YES;
				CLANG_WARN_BOOL_CONVERSION = YES;
				CLANG_WARN_COMMA = YES;
				CLANG_WARN_CONSTANT_CONVERSION = YES;
				CLANG_WARN_DEPRECATED_OBJC_IMPLEMENTATIONS = YES;
				CLANG_WARN_DIRECT_OBJC_ISA_USAGE = YES_ERROR;
				CLANG_WARN_DOCUMENTATION_COMMENTS = YES;
				CLANG_WARN_EMPTY_BODY = YES;
				CLANG_WARN_ENUM_CONVERSION = YES;
				CLANG_WARN_INFINITE_RECURSION = YES;
				CLANG_WARN_INT_CONVERSION = YES;
				CLANG_WARN_NON_LITERAL_NULL_CONVERSION = YES;
				CLANG_WARN_OBJC_IMPLICIT_RETAIN_SELF = YES;
				CLANG_WARN_OBJC_LITERAL_CONVERSION = YES;
				CLANG_WARN_OBJC_ROOT_CLASS = YES_ERROR;
				CLANG_WARN_QUOTED_INCLUDE_IN_FRAMEWORK_HEADER = YES;
				CLANG_WARN_RANGE_LOOP_ANALYSIS = YES;
				CLANG_WARN_STRICT_PROTOTYPES = YES;
				CLANG_WARN_SUSPICIOUS_MOVE = YES;
				CLANG_WARN_UNGUARDED_AVAILABILITY = YES_AGGRESSIVE;
				CLANG_WARN_UNREACHABLE_CODE = YES;
				CLANG_WARN__DUPLICATE_METHOD_MATCH = YES;
				COPY_PHASE_STRIP = NO;
				DEBUG_INFORMATION_FORMAT = "dwarf-with-dsym";
				ENABLE_NS_ASSERTIONS = NO;
				ENABLE_STRICT_OBJC_MSGSEND = YES;
				GCC_C_LANGUAGE_STANDARD = gnu11;
				GCC_NO_COMMON_BLOCKS = YES;
				GCC_WARN_64_TO_32_BIT_CONVERSION = YES;
				GCC_WARN_ABOUT_RETURN_TYPE = YES_ERROR;
				GCC_WARN_UNDECLARED_SELECTOR = YES;
				GCC_WARN_UNINITIALIZED_AUTOS = YES_AGGRESSIVE;
				GCC_WARN_UNUSED_FUNCTION = YES;
				GCC_WARN_UNUSED_VARIABLE = YES;
				IPHONEOS_DEPLOYMENT_TARGET = 14.5;
				MTL_ENABLE_DEBUG_INFO = NO;
				MTL_FAST_MATH = YES;
				SDKROOT = iphoneos;
				SWIFT_COMPILATION_MODE = wholemodule;
				SWIFT_OPTIMIZATION_LEVEL = "-O";
				VALIDATE_PRODUCT = YES;
			};
			name = Release;
		};
		CEE7D739287D38DE00E8D625 /* Debug */ = {
			isa = XCBuildConfiguration;
			baseConfigurationReference = 5CDD62F5B8114906891CB1AC /* Pods-DubaiPalace.debug.xcconfig */;
			buildSettings = {
				ASSETCATALOG_COMPILER_APPICON_NAME = AppIcon;
				ASSETCATALOG_COMPILER_GLOBAL_ACCENT_COLOR_NAME = AccentColor;
				CODE_SIGN_STYLE = Automatic;
				DEVELOPMENT_TEAM = KT6JW3JAUG;
				INFOPLIST_FILE = DubaiPalace/Info.plist;
				IPHONEOS_DEPLOYMENT_TARGET = 13.0;
				LD_RUNPATH_SEARCH_PATHS = (
					"$(inherited)",
					"@executable_path/Frameworks",
				);
				PRODUCT_BUNDLE_IDENTIFIER = joliangel288.DubaiPalace;
				PRODUCT_NAME = "$(TARGET_NAME)";
				SWIFT_OBJC_BRIDGING_HEADER = "";
				SWIFT_VERSION = 5.0;
				TARGETED_DEVICE_FAMILY = "1,2";
			};
			name = Debug;
		};
		CEE7D73A287D38DE00E8D625 /* Release */ = {
			isa = XCBuildConfiguration;
			baseConfigurationReference = 60D1B2B29DCD232A8228B9B6 /* Pods-DubaiPalace.release.xcconfig */;
			buildSettings = {
				ASSETCATALOG_COMPILER_APPICON_NAME = AppIcon;
				ASSETCATALOG_COMPILER_GLOBAL_ACCENT_COLOR_NAME = AccentColor;
				CODE_SIGN_STYLE = Automatic;
				DEVELOPMENT_TEAM = KT6JW3JAUG;
				INFOPLIST_FILE = DubaiPalace/Info.plist;
				IPHONEOS_DEPLOYMENT_TARGET = 13.0;
				LD_RUNPATH_SEARCH_PATHS = (
					"$(inherited)",
					"@executable_path/Frameworks",
				);
				PRODUCT_BUNDLE_IDENTIFIER = joliangel288.DubaiPalace;
				PRODUCT_NAME = "$(TARGET_NAME)";
				SWIFT_OBJC_BRIDGING_HEADER = "";
				SWIFT_VERSION = 5.0;
				TARGETED_DEVICE_FAMILY = "1,2";
			};
			name = Release;
		};
/* End XCBuildConfiguration section */

/* Begin XCConfigurationList section */
		CEE7D71F287D38D800E8D625 /* Build configuration list for PBXProject "DubaiPalace" */ = {
			isa = XCConfigurationList;
			buildConfigurations = (
				CEE7D736287D38DE00E8D625 /* Debug */,
				CEE7D737287D38DE00E8D625 /* Release */,
			);
			defaultConfigurationIsVisible = 0;
			defaultConfigurationName = Release;
		};
		CEE7D738287D38DE00E8D625 /* Build configuration list for PBXNativeTarget "DubaiPalace" */ = {
			isa = XCConfigurationList;
			buildConfigurations = (
				CEE7D739287D38DE00E8D625 /* Debug */,
				CEE7D73A287D38DE00E8D625 /* Release */,
			);
			defaultConfigurationIsVisible = 0;
			defaultConfigurationName = Release;
		};
/* End XCConfigurationList section */
	};
	rootObject = CEE7D71C287D38D800E8D625 /* Project object */;
}
